// !$*UTF8*$!
{
	archiveVersion = 1;
	classes = {
	};
	objectVersion = 56;
	objects = {

/* Begin PBXBuildFile section */
		6881121F2D0B2C3E009DB784 /* AppDelegate.swift in Sources */ = {isa = PBXBuildFile; fileRef = 6881121E2D0B2C3E009DB784 /* AppDelegate.swift */; };
		688112212D0B2C3E009DB784 /* SceneDelegate.swift in Sources */ = {isa = PBXBuildFile; fileRef = 688112202D0B2C3E009DB784 /* SceneDelegate.swift */; };
		688112232D0B2C3E009DB784 /* ViewController.swift in Sources */ = {isa = PBXBuildFile; fileRef = 688112222D0B2C3E009DB784 /* ViewController.swift */; };
		688112262D0B2C3E009DB784 /* Base in Resources */ = {isa = PBXBuildFile; fileRef = 688112252D0B2C3E009DB784 /* Base */; };
		688112292D0B2C3E009DB784 /* CoreDataEX.xcdatamodeld in Sources */ = {isa = PBXBuildFile; fileRef = 688112272D0B2C3E009DB784 /* CoreDataEX.xcdatamodeld */; };
		6881122B2D0B2C3E009DB784 /* Assets.xcassets in Resources */ = {isa = PBXBuildFile; fileRef = 6881122A2D0B2C3E009DB784 /* Assets.xcassets */; };
		6881122E2D0B2C3E009DB784 /* Base in Resources */ = {isa = PBXBuildFile; fileRef = 6881122D2D0B2C3E009DB784 /* Base */; };
		6881123B2D0C70C8009DB784 /* Yegr+CoreDataClass.swift in Sources */ = {isa = PBXBuildFile; fileRef = 688112392D0C70C8009DB784 /* Yegr+CoreDataClass.swift */; };
		6881123C2D0C70C8009DB784 /* Yegr+CoreDataProperties.swift in Sources */ = {isa = PBXBuildFile; fileRef = 6881123A2D0C70C8009DB784 /* Yegr+CoreDataProperties.swift */; };
		6881123E2D0C745B009DB784 /* CoreDataManager.swift in Sources */ = {isa = PBXBuildFile; fileRef = 6881123D2D0C745B009DB784 /* CoreDataManager.swift */; };
		688112402D11330F009DB784 /* CoreDataView.swift in Sources */ = {isa = PBXBuildFile; fileRef = 6881123F2D11330F009DB784 /* CoreDataView.swift */; };
		688112432D11332F009DB784 /* SnapKit in Frameworks */ = {isa = PBXBuildFile; productRef = 688112422D11332F009DB784 /* SnapKit */; };
		688112482D11354F009DB784 /* CoreDataCell.swift in Sources */ = {isa = PBXBuildFile; fileRef = 688112472D11354F009DB784 /* CoreDataCell.swift */; };
/* End PBXBuildFile section */

/* Begin PBXFileReference section */
		6881121B2D0B2C3E009DB784 /* CoreDataEX.app */ = {isa = PBXFileReference; explicitFileType = wrapper.application; includeInIndex = 0; path = CoreDataEX.app; sourceTree = BUILT_PRODUCTS_DIR; };
		6881121E2D0B2C3E009DB784 /* AppDelegate.swift */ = {isa = PBXFileReference; lastKnownFileType = sourcecode.swift; path = AppDelegate.swift; sourceTree = "<group>"; };
		688112202D0B2C3E009DB784 /* SceneDelegate.swift */ = {isa = PBXFileReference; lastKnownFileType = sourcecode.swift; path = SceneDelegate.swift; sourceTree = "<group>"; };
		688112222D0B2C3E009DB784 /* ViewController.swift */ = {isa = PBXFileReference; lastKnownFileType = sourcecode.swift; path = ViewController.swift; sourceTree = "<group>"; };
		688112252D0B2C3E009DB784 /* Base */ = {isa = PBXFileReference; lastKnownFileType = file.storyboard; name = Base; path = Base.lproj/Main.storyboard; sourceTree = "<group>"; };
		688112282D0B2C3E009DB784 /* CoreDataEX.xcdatamodel */ = {isa = PBXFileReference; lastKnownFileType = wrapper.xcdatamodel; path = CoreDataEX.xcdatamodel; sourceTree = "<group>"; };
		6881122A2D0B2C3E009DB784 /* Assets.xcassets */ = {isa = PBXFileReference; lastKnownFileType = folder.assetcatalog; path = Assets.xcassets; sourceTree = "<group>"; };
		6881122D2D0B2C3E009DB784 /* Base */ = {isa = PBXFileReference; lastKnownFileType = file.storyboard; name = Base; path = Base.lproj/LaunchScreen.storyboard; sourceTree = "<group>"; };
		6881122F2D0B2C3E009DB784 /* Info.plist */ = {isa = PBXFileReference; lastKnownFileType = text.plist.xml; path = Info.plist; sourceTree = "<group>"; };
		688112392D0C70C8009DB784 /* Yegr+CoreDataClass.swift */ = {isa = PBXFileReference; lastKnownFileType = sourcecode.swift; path = "Yegr+CoreDataClass.swift"; sourceTree = "<group>"; };
		6881123A2D0C70C8009DB784 /* Yegr+CoreDataProperties.swift */ = {isa = PBXFileReference; lastKnownFileType = sourcecode.swift; path = "Yegr+CoreDataProperties.swift"; sourceTree = "<group>"; };
		6881123D2D0C745B009DB784 /* CoreDataManager.swift */ = {isa = PBXFileReference; lastKnownFileType = sourcecode.swift; path = CoreDataManager.swift; sourceTree = "<group>"; };
		6881123F2D11330F009DB784 /* CoreDataView.swift */ = {isa = PBXFileReference; lastKnownFileType = sourcecode.swift; path = CoreDataView.swift; sourceTree = "<group>"; };
		688112472D11354F009DB784 /* CoreDataCell.swift */ = {isa = PBXFileReference; lastKnownFileType = sourcecode.swift; path = CoreDataCell.swift; sourceTree = "<group>"; };
/* End PBXFileReference section */

/* Begin PBXFrameworksBuildPhase section */
		688112182D0B2C3E009DB784 /* Frameworks */ = {
			isa = PBXFrameworksBuildPhase;
			buildActionMask = 2147483647;
			files = (
				688112432D11332F009DB784 /* SnapKit in Frameworks */,
			);
			runOnlyForDeploymentPostprocessing = 0;
		};
/* End PBXFrameworksBuildPhase section */

/* Begin PBXGroup section */
		688112122D0B2C3E009DB784 = {
			isa = PBXGroup;
			children = (
				688112392D0C70C8009DB784 /* Yegr+CoreDataClass.swift */,
				6881123A2D0C70C8009DB784 /* Yegr+CoreDataProperties.swift */,
				6881121D2D0B2C3E009DB784 /* CoreDataEX */,
				6881121C2D0B2C3E009DB784 /* Products */,
			);
			sourceTree = "<group>";
		};
		6881121C2D0B2C3E009DB784 /* Products */ = {
			isa = PBXGroup;
			children = (
				6881121B2D0B2C3E009DB784 /* CoreDataEX.app */,
			);
			name = Products;
			sourceTree = "<group>";
		};
		6881121D2D0B2C3E009DB784 /* CoreDataEX */ = {
			isa = PBXGroup;
			children = (
				6881121E2D0B2C3E009DB784 /* AppDelegate.swift */,
				688112202D0B2C3E009DB784 /* SceneDelegate.swift */,
				688112222D0B2C3E009DB784 /* ViewController.swift */,
				6881123F2D11330F009DB784 /* CoreDataView.swift */,
				688112472D11354F009DB784 /* CoreDataCell.swift */,
				6881123D2D0C745B009DB784 /* CoreDataManager.swift */,
				688112242D0B2C3E009DB784 /* Main.storyboard */,
				6881122A2D0B2C3E009DB784 /* Assets.xcassets */,
				6881122C2D0B2C3E009DB784 /* LaunchScreen.storyboard */,
				6881122F2D0B2C3E009DB784 /* Info.plist */,
				688112272D0B2C3E009DB784 /* CoreDataEX.xcdatamodeld */,
			);
			path = CoreDataEX;
			sourceTree = "<group>";
		};
/* End PBXGroup section */

/* Begin PBXNativeTarget section */
		6881121A2D0B2C3E009DB784 /* CoreDataEX */ = {
			isa = PBXNativeTarget;
			buildConfigurationList = 688112322D0B2C3E009DB784 /* Build configuration list for PBXNativeTarget "CoreDataEX" */;
			buildPhases = (
				688112172D0B2C3E009DB784 /* Sources */,
				688112182D0B2C3E009DB784 /* Frameworks */,
				688112192D0B2C3E009DB784 /* Resources */,
			);
			buildRules = (
			);
			dependencies = (
			);
			name = CoreDataEX;
			packageProductDependencies = (
				688112422D11332F009DB784 /* SnapKit */,
			);
			productName = CoreDataEX;
			productReference = 6881121B2D0B2C3E009DB784 /* CoreDataEX.app */;
			productType = "com.apple.product-type.application";
		};
/* End PBXNativeTarget section */

/* Begin PBXProject section */
		688112132D0B2C3E009DB784 /* Project object */ = {
			isa = PBXProject;
			attributes = {
				BuildIndependentTargetsInParallel = 1;
				LastSwiftUpdateCheck = 1540;
				LastUpgradeCheck = 1540;
				TargetAttributes = {
					6881121A2D0B2C3E009DB784 = {
						CreatedOnToolsVersion = 15.4;
					};
				};
			};
			buildConfigurationList = 688112162D0B2C3E009DB784 /* Build configuration list for PBXProject "CoreDataEX" */;
			compatibilityVersion = "Xcode 14.0";
			developmentRegion = en;
			hasScannedForEncodings = 0;
			knownRegions = (
				en,
				Base,
			);
			mainGroup = 688112122D0B2C3E009DB784;
			packageReferences = (
				688112412D11332F009DB784 /* XCRemoteSwiftPackageReference "SnapKit" */,
			);
			productRefGroup = 6881121C2D0B2C3E009DB784 /* Products */;
			projectDirPath = "";
			projectRoot = "";
			targets = (
				6881121A2D0B2C3E009DB784 /* CoreDataEX */,
			);
		};
/* End PBXProject section */

/* Begin PBXResourcesBuildPhase section */
		688112192D0B2C3E009DB784 /* Resources */ = {
			isa = PBXResourcesBuildPhase;
			buildActionMask = 2147483647;
			files = (
				6881122B2D0B2C3E009DB784 /* Assets.xcassets in Resources */,
				6881122E2D0B2C3E009DB784 /* Base in Resources */,
				688112262D0B2C3E009DB784 /* Base in Resources */,
			);
			runOnlyForDeploymentPostprocessing = 0;
		};
/* End PBXResourcesBuildPhase section */

/* Begin PBXSourcesBuildPhase section */
		688112172D0B2C3E009DB784 /* Sources */ = {
			isa = PBXSourcesBuildPhase;
			buildActionMask = 2147483647;
			files = (
				688112232D0B2C3E009DB784 /* ViewController.swift in Sources */,
				6881121F2D0B2C3E009DB784 /* AppDelegate.swift in Sources */,
				6881123B2D0C70C8009DB784 /* Yegr+CoreDataClass.swift in Sources */,
				688112402D11330F009DB784 /* CoreDataView.swift in Sources */,
				688112482D11354F009DB784 /* CoreDataCell.swift in Sources */,
				6881123C2D0C70C8009DB784 /* Yegr+CoreDataProperties.swift in Sources */,
				688112212D0B2C3E009DB784 /* SceneDelegate.swift in Sources */,
				6881123E2D0C745B009DB784 /* CoreDataManager.swift in Sources */,
				688112292D0B2C3E009DB784 /* CoreDataEX.xcdatamodeld in Sources */,
			);
			runOnlyForDeploymentPostprocessing = 0;
		};
/* End PBXSourcesBuildPhase section */

/* Begin PBXVariantGroup section */
		688112242D0B2C3E009DB784 /* Main.storyboard */ = {
			isa = PBXVariantGroup;
			children = (
				688112252D0B2C3E009DB784 /* Base */,
			);
			name = Main.storyboard;
			sourceTree = "<group>";
		};
		6881122C2D0B2C3E009DB784 /* LaunchScreen.storyboard */ = {
			isa = PBXVariantGroup;
			children = (
				6881122D2D0B2C3E009DB784 /* Base */,
			);
			name = LaunchScreen.storyboard;
			sourceTree = "<group>";
		};
/* End PBXVariantGroup section */

/* Begin XCBuildConfiguration section */
		688112302D0B2C3E009DB784 /* Debug */ = {
			isa = XCBuildConfiguration;
			buildSettings = {
				ALWAYS_SEARCH_USER_PATHS = NO;
				ASSETCATALOG_COMPILER_GENERATE_SWIFT_ASSET_SYMBOL_EXTENSIONS = YES;
				CLANG_ANALYZER_NONNULL = YES;
				CLANG_ANALYZER_NUMBER_OBJECT_CONVERSION = YES_AGGRESSIVE;
				CLANG_CXX_LANGUAGE_STANDARD = "gnu++20";
				CLANG_ENABLE_MODULES = YES;
				CLANG_ENABLE_OBJC_ARC = YES;
				CLANG_ENABLE_OBJC_WEAK = YES;
				CLANG_WARN_BLOCK_CAPTURE_AUTORELEASING = YES;
				CLANG_WARN_BOOL_CONVERSION = YES;
				CLANG_WARN_COMMA = YES;
				CLANG_WARN_CONSTANT_CONVERSION = YES;
				CLANG_WARN_DEPRECATED_OBJC_IMPLEMENTATIONS = YES;
				CLANG_WARN_DIRECT_OBJC_ISA_USAGE = YES_ERROR;
				CLANG_WARN_DOCUMENTATION_COMMENTS = YES;
				CLANG_WARN_EMPTY_BODY = YES;
				CLANG_WARN_ENUM_CONVERSION = YES;
				CLANG_WARN_INFINITE_RECURSION = YES;
				CLANG_WARN_INT_CONVERSION = YES;
				CLANG_WARN_NON_LITERAL_NULL_CONVERSION = YES;
				CLANG_WARN_OBJC_IMPLICIT_RETAIN_SELF = YES;
				CLANG_WARN_OBJC_LITERAL_CONVERSION = YES;
				CLANG_WARN_OBJC_ROOT_CLASS = YES_ERROR;
				CLANG_WARN_QUOTED_INCLUDE_IN_FRAMEWORK_HEADER = YES;
				CLANG_WARN_RANGE_LOOP_ANALYSIS = YES;
				CLANG_WARN_STRICT_PROTOTYPES = YES;
				CLANG_WARN_SUSPICIOUS_MOVE = YES;
				CLANG_WARN_UNGUARDED_AVAILABILITY = YES_AGGRESSIVE;
				CLANG_WARN_UNREACHABLE_CODE = YES;
				CLANG_WARN__DUPLICATE_METHOD_MATCH = YES;
				COPY_PHASE_STRIP = NO;
				DEBUG_INFORMATION_FORMAT = dwarf;
				ENABLE_STRICT_OBJC_MSGSEND = YES;
				ENABLE_TESTABILITY = YES;
				ENABLE_USER_SCRIPT_SANDBOXING = YES;
				GCC_C_LANGUAGE_STANDARD = gnu17;
				GCC_DYNAMIC_NO_PIC = NO;
				GCC_NO_COMMON_BLOCKS = YES;
				GCC_OPTIMIZATION_LEVEL = 0;
				GCC_PREPROCESSOR_DEFINITIONS = (
					"DEBUG=1",
					"$(inherited)",
				);
				GCC_WARN_64_TO_32_BIT_CONVERSION = YES;
				GCC_WARN_ABOUT_RETURN_TYPE = YES_ERROR;
				GCC_WARN_UNDECLARED_SELECTOR = YES;
				GCC_WARN_UNINITIALIZED_AUTOS = YES_AGGRESSIVE;
				GCC_WARN_UNUSED_FUNCTION = YES;
				GCC_WARN_UNUSED_VARIABLE = YES;
				IPHONEOS_DEPLOYMENT_TARGET = 17.5;
				LOCALIZATION_PREFERS_STRING_CATALOGS = YES;
				MTL_ENABLE_DEBUG_INFO = INCLUDE_SOURCE;
				MTL_FAST_MATH = YES;
				ONLY_ACTIVE_ARCH = YES;
				SDKROOT = iphoneos;
				SWIFT_ACTIVE_COMPILATION_CONDITIONS = "DEBUG $(inherited)";
				SWIFT_OPTIMIZATION_LEVEL = "-Onone";
			};
			name = Debug;
		};
		688112312D0B2C3E009DB784 /* Release */ = {
			isa = XCBuildConfiguration;
			buildSettings = {
				ALWAYS_SEARCH_USER_PATHS = NO;
				ASSETCATALOG_COMPILER_GENERATE_SWIFT_ASSET_SYMBOL_EXTENSIONS = YES;
				CLANG_ANALYZER_NONNULL = YES;
				CLANG_ANALYZER_NUMBER_OBJECT_CONVERSION = YES_AGGRESSIVE;
				CLANG_CXX_LANGUAGE_STANDARD = "gnu++20";
				CLANG_ENABLE_MODULES = YES;
				CLANG_ENABLE_OBJC_ARC = YES;
				CLANG_ENABLE_OBJC_WEAK = YES;
				CLANG_WARN_BLOCK_CAPTURE_AUTORELEASING = YES;
				CLANG_WARN_BOOL_CONVERSION = YES;
				CLANG_WARN_COMMA = YES;
				CLANG_WARN_CONSTANT_CONVERSION = YES;
				CLANG_WARN_DEPRECATED_OBJC_IMPLEMENTATIONS = YES;
				CLANG_WARN_DIRECT_OBJC_ISA_USAGE = YES_ERROR;
				CLANG_WARN_DOCUMENTATION_COMMENTS = YES;
				CLANG_WARN_EMPTY_BODY = YES;
				CLANG_WARN_ENUM_CONVERSION = YES;
				CLANG_WARN_INFINITE_RECURSION = YES;
				CLANG_WARN_INT_CONVERSION = YES;
				CLANG_WARN_NON_LITERAL_NULL_CONVERSION = YES;
				CLANG_WARN_OBJC_IMPLICIT_RETAIN_SELF = YES;
				CLANG_WARN_OBJC_LITERAL_CONVERSION = YES;
				CLANG_WARN_OBJC_ROOT_CLASS = YES_ERROR;
				CLANG_WARN_QUOTED_INCLUDE_IN_FRAMEWORK_HEADER = YES;
				CLANG_WARN_RANGE_LOOP_ANALYSIS = YES;
				CLANG_WARN_STRICT_PROTOTYPES = YES;
				CLANG_WARN_SUSPICIOUS_MOVE = YES;
				CLANG_WARN_UNGUARDED_AVAILABILITY = YES_AGGRESSIVE;
				CLANG_WARN_UNREACHABLE_CODE = YES;
				CLANG_WARN__DUPLICATE_METHOD_MATCH = YES;
				COPY_PHASE_STRIP = NO;
				DEBUG_INFORMATION_FORMAT = "dwarf-with-dsym";
				ENABLE_NS_ASSERTIONS = NO;
				ENABLE_STRICT_OBJC_MSGSEND = YES;
				ENABLE_USER_SCRIPT_SANDBOXING = YES;
				GCC_C_LANGUAGE_STANDARD = gnu17;
				GCC_NO_COMMON_BLOCKS = YES;
				GCC_WARN_64_TO_32_BIT_CONVERSION = YES;
				GCC_WARN_ABOUT_RETURN_TYPE = YES_ERROR;
				GCC_WARN_UNDECLARED_SELECTOR = YES;
				GCC_WARN_UNINITIALIZED_AUTOS = YES_AGGRESSIVE;
				GCC_WARN_UNUSED_FUNCTION = YES;
				GCC_WARN_UNUSED_VARIABLE = YES;
				IPHONEOS_DEPLOYMENT_TARGET = 17.5;
				LOCALIZATION_PREFERS_STRING_CATALOGS = YES;
				MTL_ENABLE_DEBUG_INFO = NO;
				MTL_FAST_MATH = YES;
				SDKROOT = iphoneos;
				SWIFT_COMPILATION_MODE = wholemodule;
				VALIDATE_PRODUCT = YES;
			};
			name = Release;
		};
		688112332D0B2C3E009DB784 /* Debug */ = {
			isa = XCBuildConfiguration;
			buildSettings = {
				ASSETCATALOG_COMPILER_APPICON_NAME = AppIcon;
				ASSETCATALOG_COMPILER_GLOBAL_ACCENT_COLOR_NAME = AccentColor;
				CODE_SIGN_STYLE = Automatic;
				CURRENT_PROJECT_VERSION = 1;
				DEVELOPMENT_TEAM = 3G6N8FDHBM;
				GENERATE_INFOPLIST_FILE = YES;
				INFOPLIST_FILE = CoreDataEX/Info.plist;
				INFOPLIST_KEY_UIApplicationSupportsIndirectInputEvents = YES;
				INFOPLIST_KEY_UILaunchStoryboardName = LaunchScreen;
				INFOPLIST_KEY_UISupportedInterfaceOrientations_iPad = "UIInterfaceOrientationPortrait UIInterfaceOrientationPortraitUpsideDown UIInterfaceOrientationLandscapeLeft UIInterfaceOrientationLandscapeRight";
				INFOPLIST_KEY_UISupportedInterfaceOrientations_iPhone = "UIInterfaceOrientationPortrait UIInterfaceOrientationLandscapeLeft UIInterfaceOrientationLandscapeRight";
				LD_RUNPATH_SEARCH_PATHS = (
					"$(inherited)",
					"@executable_path/Frameworks",
				);
				MARKETING_VERSION = 1.0;
				PRODUCT_BUNDLE_IDENTIFIER = YJ.Judy.CoreDataEX;
				PRODUCT_NAME = "$(TARGET_NAME)";
				SWIFT_EMIT_LOC_STRINGS = YES;
				SWIFT_VERSION = 5.0;
				TARGETED_DEVICE_FAMILY = "1,2";
			};
			name = Debug;
		};
		688112342D0B2C3E009DB784 /* Release */ = {
			isa = XCBuildConfiguration;
			buildSettings = {
				ASSETCATALOG_COMPILER_APPICON_NAME = AppIcon;
				ASSETCATALOG_COMPILER_GLOBAL_ACCENT_COLOR_NAME = AccentColor;
				CODE_SIGN_STYLE = Automatic;
				CURRENT_PROJECT_VERSION = 1;
				DEVELOPMENT_TEAM = 3G6N8FDHBM;
				GENERATE_INFOPLIST_FILE = YES;
				INFOPLIST_FILE = CoreDataEX/Info.plist;
				INFOPLIST_KEY_UIApplicationSupportsIndirectInputEvents = YES;
				INFOPLIST_KEY_UILaunchStoryboardName = LaunchScreen;
				INFOPLIST_KEY_UISupportedInterfaceOrientations_iPad = "UIInterfaceOrientationPortrait UIInterfaceOrientationPortraitUpsideDown UIInterfaceOrientationLandscapeLeft UIInterfaceOrientationLandscapeRight";
				INFOPLIST_KEY_UISupportedInterfaceOrientations_iPhone = "UIInterfaceOrientationPortrait UIInterfaceOrientationLandscapeLeft UIInterfaceOrientationLandscapeRight";
				LD_RUNPATH_SEARCH_PATHS = (
					"$(inherited)",
					"@executable_path/Frameworks",
				);
				MARKETING_VERSION = 1.0;
				PRODUCT_BUNDLE_IDENTIFIER = YJ.Judy.CoreDataEX;
				PRODUCT_NAME = "$(TARGET_NAME)";
				SWIFT_EMIT_LOC_STRINGS = YES;
				SWIFT_VERSION = 5.0;
				TARGETED_DEVICE_FAMILY = "1,2";
			};
			name = Release;
		};
/* End XCBuildConfiguration section */

/* Begin XCConfigurationList section */
		688112162D0B2C3E009DB784 /* Build configuration list for PBXProject "CoreDataEX" */ = {
			isa = XCConfigurationList;
			buildConfigurations = (
				688112302D0B2C3E009DB784 /* Debug */,
				688112312D0B2C3E009DB784 /* Release */,
			);
			defaultConfigurationIsVisible = 0;
			defaultConfigurationName = Release;
		};
		688112322D0B2C3E009DB784 /* Build configuration list for PBXNativeTarget "CoreDataEX" */ = {
			isa = XCConfigurationList;
			buildConfigurations = (
				688112332D0B2C3E009DB784 /* Debug */,
				688112342D0B2C3E009DB784 /* Release */,
			);
			defaultConfigurationIsVisible = 0;
			defaultConfigurationName = Release;
		};
/* End XCConfigurationList section */

/* Begin XCRemoteSwiftPackageReference section */
		688112412D11332F009DB784 /* XCRemoteSwiftPackageReference "SnapKit" */ = {
			isa = XCRemoteSwiftPackageReference;
			repositoryURL = "https://github.com/SnapKit/SnapKit.git";
			requirement = {
				kind = upToNextMajorVersion;
				minimumVersion = 5.7.1;
			};
		};
/* End XCRemoteSwiftPackageReference section */

/* Begin XCSwiftPackageProductDependency section */
		688112422D11332F009DB784 /* SnapKit */ = {
			isa = XCSwiftPackageProductDependency;
			package = 688112412D11332F009DB784 /* XCRemoteSwiftPackageReference "SnapKit" */;
			productName = SnapKit;
		};
/* End XCSwiftPackageProductDependency section */

/* Begin XCVersionGroup section */
		688112272D0B2C3E009DB784 /* CoreDataEX.xcdatamodeld */ = {
			isa = XCVersionGroup;
			children = (
				688112282D0B2C3E009DB784 /* CoreDataEX.xcdatamodel */,
			);
			currentVersion = 688112282D0B2C3E009DB784 /* CoreDataEX.xcdatamodel */;
			path = CoreDataEX.xcdatamodeld;
			sourceTree = "<group>";
			versionGroupType = wrapper.xcdatamodel;
		};
/* End XCVersionGroup section */
	};
	rootObject = 688112132D0B2C3E009DB784 /* Project object */;
}
